// !$*UTF8*$!
{
	archiveVersion = 1;
	classes = {
	};
	objectVersion = 56;
	objects = {

/* Begin PBXBuildFile section */
		14D1D05C2B7FB13B00669310 /* AppDelegate.swift in Sources */ = {isa = PBXBuildFile; fileRef = 14D1D05B2B7FB13B00669310 /* AppDelegate.swift */; };
		14D1D05E2B7FB13B00669310 /* SceneDelegate.swift in Sources */ = {isa = PBXBuildFile; fileRef = 14D1D05D2B7FB13B00669310 /* SceneDelegate.swift */; };
		14D1D0602B7FB13B00669310 /* ViewController.swift in Sources */ = {isa = PBXBuildFile; fileRef = 14D1D05F2B7FB13B00669310 /* ViewController.swift */; };
		14D1D0632B7FB13B00669310 /* Main.storyboard in Resources */ = {isa = PBXBuildFile; fileRef = 14D1D0612B7FB13B00669310 /* Main.storyboard */; };
		14D1D0652B7FB13C00669310 /* Assets.xcassets in Resources */ = {isa = PBXBuildFile; fileRef = 14D1D0642B7FB13C00669310 /* Assets.xcassets */; };
		14D1D0682B7FB13C00669310 /* LaunchScreen.storyboard in Resources */ = {isa = PBXBuildFile; fileRef = 14D1D0662B7FB13C00669310 /* LaunchScreen.storyboard */; };
		14D1D0732B7FB13C00669310 /* BasicFirebaseAppStajilaTests.swift in Sources */ = {isa = PBXBuildFile; fileRef = 14D1D0722B7FB13C00669310 /* BasicFirebaseAppStajilaTests.swift */; };
		14D1D07D2B7FB13C00669310 /* BasicFirebaseAppStajilaUITests.swift in Sources */ = {isa = PBXBuildFile; fileRef = 14D1D07C2B7FB13C00669310 /* BasicFirebaseAppStajilaUITests.swift */; };
		14D1D07F2B7FB13C00669310 /* BasicFirebaseAppStajilaUITestsLaunchTests.swift in Sources */ = {isa = PBXBuildFile; fileRef = 14D1D07E2B7FB13C00669310 /* BasicFirebaseAppStajilaUITestsLaunchTests.swift */; };
		14D1D08C2B7FB16C00669310 /* Employee.swift in Sources */ = {isa = PBXBuildFile; fileRef = 14D1D08B2B7FB16C00669310 /* Employee.swift */; };
		14D1D08E2B7FB69E00669310 /* AddAnEmploeeViewController.swift in Sources */ = {isa = PBXBuildFile; fileRef = 14D1D08D2B7FB69E00669310 /* AddAnEmploeeViewController.swift */; };
		850A5FE02B8069C100ACA0C3 /* GoogleService-Info.plist in Resources */ = {isa = PBXBuildFile; fileRef = 850A5FDF2B8069C100ACA0C3 /* GoogleService-Info.plist */; };
		850A5FE32B806A3F00ACA0C3 /* FirebaseAuth in Frameworks */ = {isa = PBXBuildFile; productRef = 850A5FE22B806A3F00ACA0C3 /* FirebaseAuth */; };
		850A5FE52B806A3F00ACA0C3 /* FirebaseDatabase in Frameworks */ = {isa = PBXBuildFile; productRef = 850A5FE42B806A3F00ACA0C3 /* FirebaseDatabase */; };
		850A5FE72B806A3F00ACA0C3 /* FirebaseDatabaseSwift in Frameworks */ = {isa = PBXBuildFile; productRef = 850A5FE62B806A3F00ACA0C3 /* FirebaseDatabaseSwift */; };
		850A5FE92B806A3F00ACA0C3 /* FirebaseFirestore in Frameworks */ = {isa = PBXBuildFile; productRef = 850A5FE82B806A3F00ACA0C3 /* FirebaseFirestore */; };
		850A5FEB2B81378800ACA0C3 /* EmployeeCell.swift in Sources */ = {isa = PBXBuildFile; fileRef = 850A5FEA2B81378800ACA0C3 /* EmployeeCell.swift */; };
/* End PBXBuildFile section */

/* Begin PBXContainerItemProxy section */
		14D1D06F2B7FB13C00669310 /* PBXContainerItemProxy */ = {
			isa = PBXContainerItemProxy;
			containerPortal = 14D1D0502B7FB13A00669310 /* Project object */;
			proxyType = 1;
			remoteGlobalIDString = 14D1D0572B7FB13A00669310;
			remoteInfo = BasicFirebaseAppStajila;
		};
		14D1D0792B7FB13C00669310 /* PBXContainerItemProxy */ = {
			isa = PBXContainerItemProxy;
			containerPortal = 14D1D0502B7FB13A00669310 /* Project object */;
			proxyType = 1;
			remoteGlobalIDString = 14D1D0572B7FB13A00669310;
			remoteInfo = BasicFirebaseAppStajila;
		};
/* End PBXContainerItemProxy section */

/* Begin PBXFileReference section */
		14D1D0582B7FB13B00669310 /* BasicFirebaseAppStajila.app */ = {isa = PBXFileReference; explicitFileType = wrapper.application; includeInIndex = 0; path = BasicFirebaseAppStajila.app; sourceTree = BUILT_PRODUCTS_DIR; };
		14D1D05B2B7FB13B00669310 /* AppDelegate.swift */ = {isa = PBXFileReference; lastKnownFileType = sourcecode.swift; path = AppDelegate.swift; sourceTree = "<group>"; };
		14D1D05D2B7FB13B00669310 /* SceneDelegate.swift */ = {isa = PBXFileReference; lastKnownFileType = sourcecode.swift; path = SceneDelegate.swift; sourceTree = "<group>"; };
		14D1D05F2B7FB13B00669310 /* ViewController.swift */ = {isa = PBXFileReference; lastKnownFileType = sourcecode.swift; path = ViewController.swift; sourceTree = "<group>"; };
		14D1D0622B7FB13B00669310 /* Base */ = {isa = PBXFileReference; lastKnownFileType = file.storyboard; name = Base; path = Base.lproj/Main.storyboard; sourceTree = "<group>"; };
		14D1D0642B7FB13C00669310 /* Assets.xcassets */ = {isa = PBXFileReference; lastKnownFileType = folder.assetcatalog; path = Assets.xcassets; sourceTree = "<group>"; };
		14D1D0672B7FB13C00669310 /* Base */ = {isa = PBXFileReference; lastKnownFileType = file.storyboard; name = Base; path = Base.lproj/LaunchScreen.storyboard; sourceTree = "<group>"; };
		14D1D0692B7FB13C00669310 /* Info.plist */ = {isa = PBXFileReference; lastKnownFileType = text.plist.xml; path = Info.plist; sourceTree = "<group>"; };
		14D1D06E2B7FB13C00669310 /* BasicFirebaseAppStajilaTests.xctest */ = {isa = PBXFileReference; explicitFileType = wrapper.cfbundle; includeInIndex = 0; path = BasicFirebaseAppStajilaTests.xctest; sourceTree = BUILT_PRODUCTS_DIR; };
		14D1D0722B7FB13C00669310 /* BasicFirebaseAppStajilaTests.swift */ = {isa = PBXFileReference; lastKnownFileType = sourcecode.swift; path = BasicFirebaseAppStajilaTests.swift; sourceTree = "<group>"; };
		14D1D0782B7FB13C00669310 /* BasicFirebaseAppStajilaUITests.xctest */ = {isa = PBXFileReference; explicitFileType = wrapper.cfbundle; includeInIndex = 0; path = BasicFirebaseAppStajilaUITests.xctest; sourceTree = BUILT_PRODUCTS_DIR; };
		14D1D07C2B7FB13C00669310 /* BasicFirebaseAppStajilaUITests.swift */ = {isa = PBXFileReference; lastKnownFileType = sourcecode.swift; path = BasicFirebaseAppStajilaUITests.swift; sourceTree = "<group>"; };
		14D1D07E2B7FB13C00669310 /* BasicFirebaseAppStajilaUITestsLaunchTests.swift */ = {isa = PBXFileReference; lastKnownFileType = sourcecode.swift; path = BasicFirebaseAppStajilaUITestsLaunchTests.swift; sourceTree = "<group>"; };
		14D1D08B2B7FB16C00669310 /* Employee.swift */ = {isa = PBXFileReference; lastKnownFileType = sourcecode.swift; path = Employee.swift; sourceTree = "<group>"; };
		14D1D08D2B7FB69E00669310 /* AddAnEmploeeViewController.swift */ = {isa = PBXFileReference; lastKnownFileType = sourcecode.swift; path = AddAnEmploeeViewController.swift; sourceTree = "<group>"; };
		850A5FDF2B8069C100ACA0C3 /* GoogleService-Info.plist */ = {isa = PBXFileReference; fileEncoding = 4; lastKnownFileType = text.plist.xml; path = "GoogleService-Info.plist"; sourceTree = "<group>"; };
		850A5FEA2B81378800ACA0C3 /* EmployeeCell.swift */ = {isa = PBXFileReference; lastKnownFileType = sourcecode.swift; path = EmployeeCell.swift; sourceTree = "<group>"; };
/* End PBXFileReference section */

/* Begin PBXFrameworksBuildPhase section */
		14D1D0552B7FB13A00669310 /* Frameworks */ = {
			isa = PBXFrameworksBuildPhase;
			buildActionMask = 2147483647;
			files = (
				850A5FE72B806A3F00ACA0C3 /* FirebaseDatabaseSwift in Frameworks */,
				850A5FE92B806A3F00ACA0C3 /* FirebaseFirestore in Frameworks */,
				850A5FE52B806A3F00ACA0C3 /* FirebaseDatabase in Frameworks */,
				850A5FE32B806A3F00ACA0C3 /* FirebaseAuth in Frameworks */,
			);
			runOnlyForDeploymentPostprocessing = 0;
		};
		14D1D06B2B7FB13C00669310 /* Frameworks */ = {
			isa = PBXFrameworksBuildPhase;
			buildActionMask = 2147483647;
			files = (
			);
			runOnlyForDeploymentPostprocessing = 0;
		};
		14D1D0752B7FB13C00669310 /* Frameworks */ = {
			isa = PBXFrameworksBuildPhase;
			buildActionMask = 2147483647;
			files = (
			);
			runOnlyForDeploymentPostprocessing = 0;
		};
/* End PBXFrameworksBuildPhase section */

/* Begin PBXGroup section */
		14D1D04F2B7FB13A00669310 = {
			isa = PBXGroup;
			children = (
				14D1D05A2B7FB13B00669310 /* BasicFirebaseAppStajila */,
				14D1D0712B7FB13C00669310 /* BasicFirebaseAppStajilaTests */,
				14D1D07B2B7FB13C00669310 /* BasicFirebaseAppStajilaUITests */,
				14D1D0592B7FB13B00669310 /* Products */,
			);
			sourceTree = "<group>";
		};
		14D1D0592B7FB13B00669310 /* Products */ = {
			isa = PBXGroup;
			children = (
				14D1D0582B7FB13B00669310 /* BasicFirebaseAppStajila.app */,
				14D1D06E2B7FB13C00669310 /* BasicFirebaseAppStajilaTests.xctest */,
				14D1D0782B7FB13C00669310 /* BasicFirebaseAppStajilaUITests.xctest */,
			);
			name = Products;
			sourceTree = "<group>";
		};
		14D1D05A2B7FB13B00669310 /* BasicFirebaseAppStajila */ = {
			isa = PBXGroup;
			children = (
				14D1D05B2B7FB13B00669310 /* AppDelegate.swift */,
				14D1D05D2B7FB13B00669310 /* SceneDelegate.swift */,
				14D1D08D2B7FB69E00669310 /* AddAnEmploeeViewController.swift */,
				14D1D05F2B7FB13B00669310 /* ViewController.swift */,
				850A5FEA2B81378800ACA0C3 /* EmployeeCell.swift */,
				14D1D08B2B7FB16C00669310 /* Employee.swift */,
				14D1D0612B7FB13B00669310 /* Main.storyboard */,
				14D1D0642B7FB13C00669310 /* Assets.xcassets */,
				14D1D0662B7FB13C00669310 /* LaunchScreen.storyboard */,
				14D1D0692B7FB13C00669310 /* Info.plist */,
				850A5FDF2B8069C100ACA0C3 /* GoogleService-Info.plist */,
			);
			path = BasicFirebaseAppStajila;
			sourceTree = "<group>";
		};
		14D1D0712B7FB13C00669310 /* BasicFirebaseAppStajilaTests */ = {
			isa = PBXGroup;
			children = (
				14D1D0722B7FB13C00669310 /* BasicFirebaseAppStajilaTests.swift */,
			);
			path = BasicFirebaseAppStajilaTests;
			sourceTree = "<group>";
		};
		14D1D07B2B7FB13C00669310 /* BasicFirebaseAppStajilaUITests */ = {
			isa = PBXGroup;
			children = (
				14D1D07C2B7FB13C00669310 /* BasicFirebaseAppStajilaUITests.swift */,
				14D1D07E2B7FB13C00669310 /* BasicFirebaseAppStajilaUITestsLaunchTests.swift */,
			);
			path = BasicFirebaseAppStajilaUITests;
			sourceTree = "<group>";
		};
/* End PBXGroup section */

/* Begin PBXNativeTarget section */
		14D1D0572B7FB13A00669310 /* BasicFirebaseAppStajila */ = {
			isa = PBXNativeTarget;
			buildConfigurationList = 14D1D0822B7FB13C00669310 /* Build configuration list for PBXNativeTarget "BasicFirebaseAppStajila" */;
			buildPhases = (
				14D1D0542B7FB13A00669310 /* Sources */,
				14D1D0552B7FB13A00669310 /* Frameworks */,
				14D1D0562B7FB13A00669310 /* Resources */,
			);
			buildRules = (
			);
			dependencies = (
			);
			name = BasicFirebaseAppStajila;
			packageProductDependencies = (
				850A5FE22B806A3F00ACA0C3 /* FirebaseAuth */,
				850A5FE42B806A3F00ACA0C3 /* FirebaseDatabase */,
				850A5FE62B806A3F00ACA0C3 /* FirebaseDatabaseSwift */,
				850A5FE82B806A3F00ACA0C3 /* FirebaseFirestore */,
			);
			productName = BasicFirebaseAppStajila;
			productReference = 14D1D0582B7FB13B00669310 /* BasicFirebaseAppStajila.app */;
			productType = "com.apple.product-type.application";
		};
		14D1D06D2B7FB13C00669310 /* BasicFirebaseAppStajilaTests */ = {
			isa = PBXNativeTarget;
			buildConfigurationList = 14D1D0852B7FB13C00669310 /* Build configuration list for PBXNativeTarget "BasicFirebaseAppStajilaTests" */;
			buildPhases = (
				14D1D06A2B7FB13C00669310 /* Sources */,
				14D1D06B2B7FB13C00669310 /* Frameworks */,
				14D1D06C2B7FB13C00669310 /* Resources */,
			);
			buildRules = (
			);
			dependencies = (
				14D1D0702B7FB13C00669310 /* PBXTargetDependency */,
			);
			name = BasicFirebaseAppStajilaTests;
			productName = BasicFirebaseAppStajilaTests;
			productReference = 14D1D06E2B7FB13C00669310 /* BasicFirebaseAppStajilaTests.xctest */;
			productType = "com.apple.product-type.bundle.unit-test";
		};
		14D1D0772B7FB13C00669310 /* BasicFirebaseAppStajilaUITests */ = {
			isa = PBXNativeTarget;
			buildConfigurationList = 14D1D0882B7FB13C00669310 /* Build configuration list for PBXNativeTarget "BasicFirebaseAppStajilaUITests" */;
			buildPhases = (
				14D1D0742B7FB13C00669310 /* Sources */,
				14D1D0752B7FB13C00669310 /* Frameworks */,
				14D1D0762B7FB13C00669310 /* Resources */,
			);
			buildRules = (
			);
			dependencies = (
				14D1D07A2B7FB13C00669310 /* PBXTargetDependency */,
			);
			name = BasicFirebaseAppStajilaUITests;
			productName = BasicFirebaseAppStajilaUITests;
			productReference = 14D1D0782B7FB13C00669310 /* BasicFirebaseAppStajilaUITests.xctest */;
			productType = "com.apple.product-type.bundle.ui-testing";
		};
/* End PBXNativeTarget section */

/* Begin PBXProject section */
		14D1D0502B7FB13A00669310 /* Project object */ = {
			isa = PBXProject;
			attributes = {
				BuildIndependentTargetsInParallel = 1;
				LastSwiftUpdateCheck = 1510;
				LastUpgradeCheck = 1510;
				TargetAttributes = {
					14D1D0572B7FB13A00669310 = {
						CreatedOnToolsVersion = 15.1;
					};
					14D1D06D2B7FB13C00669310 = {
						CreatedOnToolsVersion = 15.1;
						TestTargetID = 14D1D0572B7FB13A00669310;
					};
					14D1D0772B7FB13C00669310 = {
						CreatedOnToolsVersion = 15.1;
						TestTargetID = 14D1D0572B7FB13A00669310;
					};
				};
			};
			buildConfigurationList = 14D1D0532B7FB13A00669310 /* Build configuration list for PBXProject "BasicFirebaseAppStajila" */;
			compatibilityVersion = "Xcode 14.0";
			developmentRegion = en;
			hasScannedForEncodings = 0;
			knownRegions = (
				en,
				Base,
			);
			mainGroup = 14D1D04F2B7FB13A00669310;
			packageReferences = (
				850A5FE12B806A3F00ACA0C3 /* XCRemoteSwiftPackageReference "firebase-ios-sdk" */,
			);
			productRefGroup = 14D1D0592B7FB13B00669310 /* Products */;
			projectDirPath = "";
			projectRoot = "";
			targets = (
				14D1D0572B7FB13A00669310 /* BasicFirebaseAppStajila */,
				14D1D06D2B7FB13C00669310 /* BasicFirebaseAppStajilaTests */,
				14D1D0772B7FB13C00669310 /* BasicFirebaseAppStajilaUITests */,
			);
		};
/* End PBXProject section */

/* Begin PBXResourcesBuildPhase section */
		14D1D0562B7FB13A00669310 /* Resources */ = {
			isa = PBXResourcesBuildPhase;
			buildActionMask = 2147483647;
			files = (
				14D1D0682B7FB13C00669310 /* LaunchScreen.storyboard in Resources */,
				850A5FE02B8069C100ACA0C3 /* GoogleService-Info.plist in Resources */,
				14D1D0652B7FB13C00669310 /* Assets.xcassets in Resources */,
				14D1D0632B7FB13B00669310 /* Main.storyboard in Resources */,
			);
			runOnlyForDeploymentPostprocessing = 0;
		};
		14D1D06C2B7FB13C00669310 /* Resources */ = {
			isa = PBXResourcesBuildPhase;
			buildActionMask = 2147483647;
			files = (
			);
			runOnlyForDeploymentPostprocessing = 0;
		};
		14D1D0762B7FB13C00669310 /* Resources */ = {
			isa = PBXResourcesBuildPhase;
			buildActionMask = 2147483647;
			files = (
			);
			runOnlyForDeploymentPostprocessing = 0;
		};
/* End PBXResourcesBuildPhase section */

/* Begin PBXSourcesBuildPhase section */
		14D1D0542B7FB13A00669310 /* Sources */ = {
			isa = PBXSourcesBuildPhase;
			buildActionMask = 2147483647;
			files = (
				14D1D08E2B7FB69E00669310 /* AddAnEmploeeViewController.swift in Sources */,
				14D1D0602B7FB13B00669310 /* ViewController.swift in Sources */,
				14D1D08C2B7FB16C00669310 /* Employee.swift in Sources */,
				850A5FEB2B81378800ACA0C3 /* EmployeeCell.swift in Sources */,
				14D1D05C2B7FB13B00669310 /* AppDelegate.swift in Sources */,
				14D1D05E2B7FB13B00669310 /* SceneDelegate.swift in Sources */,
			);
			runOnlyForDeploymentPostprocessing = 0;
		};
		14D1D06A2B7FB13C00669310 /* Sources */ = {
			isa = PBXSourcesBuildPhase;
			buildActionMask = 2147483647;
			files = (
				14D1D0732B7FB13C00669310 /* BasicFirebaseAppStajilaTests.swift in Sources */,
			);
			runOnlyForDeploymentPostprocessing = 0;
		};
		14D1D0742B7FB13C00669310 /* Sources */ = {
			isa = PBXSourcesBuildPhase;
			buildActionMask = 2147483647;
			files = (
				14D1D07D2B7FB13C00669310 /* BasicFirebaseAppStajilaUITests.swift in Sources */,
				14D1D07F2B7FB13C00669310 /* BasicFirebaseAppStajilaUITestsLaunchTests.swift in Sources */,
			);
			runOnlyForDeploymentPostprocessing = 0;
		};
/* End PBXSourcesBuildPhase section */

/* Begin PBXTargetDependency section */
		14D1D0702B7FB13C00669310 /* PBXTargetDependency */ = {
			isa = PBXTargetDependency;
			target = 14D1D0572B7FB13A00669310 /* BasicFirebaseAppStajila */;
			targetProxy = 14D1D06F2B7FB13C00669310 /* PBXContainerItemProxy */;
		};
		14D1D07A2B7FB13C00669310 /* PBXTargetDependency */ = {
			isa = PBXTargetDependency;
			target = 14D1D0572B7FB13A00669310 /* BasicFirebaseAppStajila */;
			targetProxy = 14D1D0792B7FB13C00669310 /* PBXContainerItemProxy */;
		};
/* End PBXTargetDependency section */

/* Begin PBXVariantGroup section */
		14D1D0612B7FB13B00669310 /* Main.storyboard */ = {
			isa = PBXVariantGroup;
			children = (
				14D1D0622B7FB13B00669310 /* Base */,
			);
			name = Main.storyboard;
			sourceTree = "<group>";
		};
		14D1D0662B7FB13C00669310 /* LaunchScreen.storyboard */ = {
			isa = PBXVariantGroup;
			children = (
				14D1D0672B7FB13C00669310 /* Base */,
			);
			name = LaunchScreen.storyboard;
			sourceTree = "<group>";
		};
/* End PBXVariantGroup section */

/* Begin XCBuildConfiguration section */
		14D1D0802B7FB13C00669310 /* Debug */ = {
			isa = XCBuildConfiguration;
			buildSettings = {
				ALWAYS_SEARCH_USER_PATHS = NO;
				ASSETCATALOG_COMPILER_GENERATE_SWIFT_ASSET_SYMBOL_EXTENSIONS = YES;
				CLANG_ANALYZER_NONNULL = YES;
				CLANG_ANALYZER_NUMBER_OBJECT_CONVERSION = YES_AGGRESSIVE;
				CLANG_CXX_LANGUAGE_STANDARD = "gnu++20";
				CLANG_ENABLE_MODULES = YES;
				CLANG_ENABLE_OBJC_ARC = YES;
				CLANG_ENABLE_OBJC_WEAK = YES;
				CLANG_WARN_BLOCK_CAPTURE_AUTORELEASING = YES;
				CLANG_WARN_BOOL_CONVERSION = YES;
				CLANG_WARN_COMMA = YES;
				CLANG_WARN_CONSTANT_CONVERSION = YES;
				CLANG_WARN_DEPRECATED_OBJC_IMPLEMENTATIONS = YES;
				CLANG_WARN_DIRECT_OBJC_ISA_USAGE = YES_ERROR;
				CLANG_WARN_DOCUMENTATION_COMMENTS = YES;
				CLANG_WARN_EMPTY_BODY = YES;
				CLANG_WARN_ENUM_CONVERSION = YES;
				CLANG_WARN_INFINITE_RECURSION = YES;
				CLANG_WARN_INT_CONVERSION = YES;
				CLANG_WARN_NON_LITERAL_NULL_CONVERSION = YES;
				CLANG_WARN_OBJC_IMPLICIT_RETAIN_SELF = YES;
				CLANG_WARN_OBJC_LITERAL_CONVERSION = YES;
				CLANG_WARN_OBJC_ROOT_CLASS = YES_ERROR;
				CLANG_WARN_QUOTED_INCLUDE_IN_FRAMEWORK_HEADER = YES;
				CLANG_WARN_RANGE_LOOP_ANALYSIS = YES;
				CLANG_WARN_STRICT_PROTOTYPES = YES;
				CLANG_WARN_SUSPICIOUS_MOVE = YES;
				CLANG_WARN_UNGUARDED_AVAILABILITY = YES_AGGRESSIVE;
				CLANG_WARN_UNREACHABLE_CODE = YES;
				CLANG_WARN__DUPLICATE_METHOD_MATCH = YES;
				COPY_PHASE_STRIP = NO;
				DEBUG_INFORMATION_FORMAT = dwarf;
				ENABLE_STRICT_OBJC_MSGSEND = YES;
				ENABLE_TESTABILITY = YES;
				ENABLE_USER_SCRIPT_SANDBOXING = YES;
				GCC_C_LANGUAGE_STANDARD = gnu17;
				GCC_DYNAMIC_NO_PIC = NO;
				GCC_NO_COMMON_BLOCKS = YES;
				GCC_OPTIMIZATION_LEVEL = 0;
				GCC_PREPROCESSOR_DEFINITIONS = (
					"DEBUG=1",
					"$(inherited)",
				);
				GCC_WARN_64_TO_32_BIT_CONVERSION = YES;
				GCC_WARN_ABOUT_RETURN_TYPE = YES_ERROR;
				GCC_WARN_UNDECLARED_SELECTOR = YES;
				GCC_WARN_UNINITIALIZED_AUTOS = YES_AGGRESSIVE;
				GCC_WARN_UNUSED_FUNCTION = YES;
				GCC_WARN_UNUSED_VARIABLE = YES;
				IPHONEOS_DEPLOYMENT_TARGET = 17.2;
				LOCALIZATION_PREFERS_STRING_CATALOGS = YES;
				MTL_ENABLE_DEBUG_INFO = INCLUDE_SOURCE;
				MTL_FAST_MATH = YES;
				ONLY_ACTIVE_ARCH = YES;
				SDKROOT = iphoneos;
				SWIFT_ACTIVE_COMPILATION_CONDITIONS = "DEBUG $(inherited)";
				SWIFT_OPTIMIZATION_LEVEL = "-Onone";
			};
			name = Debug;
		};
		14D1D0812B7FB13C00669310 /* Release */ = {
			isa = XCBuildConfiguration;
			buildSettings = {
				ALWAYS_SEARCH_USER_PATHS = NO;
				ASSETCATALOG_COMPILER_GENERATE_SWIFT_ASSET_SYMBOL_EXTENSIONS = YES;
				CLANG_ANALYZER_NONNULL = YES;
				CLANG_ANALYZER_NUMBER_OBJECT_CONVERSION = YES_AGGRESSIVE;
				CLANG_CXX_LANGUAGE_STANDARD = "gnu++20";
				CLANG_ENABLE_MODULES = YES;
				CLANG_ENABLE_OBJC_ARC = YES;
				CLANG_ENABLE_OBJC_WEAK = YES;
				CLANG_WARN_BLOCK_CAPTURE_AUTORELEASING = YES;
				CLANG_WARN_BOOL_CONVERSION = YES;
				CLANG_WARN_COMMA = YES;
				CLANG_WARN_CONSTANT_CONVERSION = YES;
				CLANG_WARN_DEPRECATED_OBJC_IMPLEMENTATIONS = YES;
				CLANG_WARN_DIRECT_OBJC_ISA_USAGE = YES_ERROR;
				CLANG_WARN_DOCUMENTATION_COMMENTS = YES;
				CLANG_WARN_EMPTY_BODY = YES;
				CLANG_WARN_ENUM_CONVERSION = YES;
				CLANG_WARN_INFINITE_RECURSION = YES;
				CLANG_WARN_INT_CONVERSION = YES;
				CLANG_WARN_NON_LITERAL_NULL_CONVERSION = YES;
				CLANG_WARN_OBJC_IMPLICIT_RETAIN_SELF = YES;
				CLANG_WARN_OBJC_LITERAL_CONVERSION = YES;
				CLANG_WARN_OBJC_ROOT_CLASS = YES_ERROR;
				CLANG_WARN_QUOTED_INCLUDE_IN_FRAMEWORK_HEADER = YES;
				CLANG_WARN_RANGE_LOOP_ANALYSIS = YES;
				CLANG_WARN_STRICT_PROTOTYPES = YES;
				CLANG_WARN_SUSPICIOUS_MOVE = YES;
				CLANG_WARN_UNGUARDED_AVAILABILITY = YES_AGGRESSIVE;
				CLANG_WARN_UNREACHABLE_CODE = YES;
				CLANG_WARN__DUPLICATE_METHOD_MATCH = YES;
				COPY_PHASE_STRIP = NO;
				DEBUG_INFORMATION_FORMAT = "dwarf-with-dsym";
				ENABLE_NS_ASSERTIONS = NO;
				ENABLE_STRICT_OBJC_MSGSEND = YES;
				ENABLE_USER_SCRIPT_SANDBOXING = YES;
				GCC_C_LANGUAGE_STANDARD = gnu17;
				GCC_NO_COMMON_BLOCKS = YES;
				GCC_WARN_64_TO_32_BIT_CONVERSION = YES;
				GCC_WARN_ABOUT_RETURN_TYPE = YES_ERROR;
				GCC_WARN_UNDECLARED_SELECTOR = YES;
				GCC_WARN_UNINITIALIZED_AUTOS = YES_AGGRESSIVE;
				GCC_WARN_UNUSED_FUNCTION = YES;
				GCC_WARN_UNUSED_VARIABLE = YES;
				IPHONEOS_DEPLOYMENT_TARGET = 17.2;
				LOCALIZATION_PREFERS_STRING_CATALOGS = YES;
				MTL_ENABLE_DEBUG_INFO = NO;
				MTL_FAST_MATH = YES;
				SDKROOT = iphoneos;
				SWIFT_COMPILATION_MODE = wholemodule;
				VALIDATE_PRODUCT = YES;
			};
			name = Release;
		};
		14D1D0832B7FB13C00669310 /* Debug */ = {
			isa = XCBuildConfiguration;
			buildSettings = {
				ASSETCATALOG_COMPILER_APPICON_NAME = AppIcon;
				ASSETCATALOG_COMPILER_GLOBAL_ACCENT_COLOR_NAME = AccentColor;
				CODE_SIGN_STYLE = Automatic;
				CURRENT_PROJECT_VERSION = 1;
				DEVELOPMENT_TEAM = SZURQ69PCN;
				GENERATE_INFOPLIST_FILE = YES;
				INFOPLIST_FILE = BasicFirebaseAppStajila/Info.plist;
				INFOPLIST_KEY_UIApplicationSupportsIndirectInputEvents = YES;
				INFOPLIST_KEY_UILaunchStoryboardName = LaunchScreen;
				INFOPLIST_KEY_UIMainStoryboardFile = Main;
				INFOPLIST_KEY_UISupportedInterfaceOrientations_iPad = "UIInterfaceOrientationPortrait UIInterfaceOrientationPortraitUpsideDown UIInterfaceOrientationLandscapeLeft UIInterfaceOrientationLandscapeRight";
				INFOPLIST_KEY_UISupportedInterfaceOrientations_iPhone = "UIInterfaceOrientationPortrait UIInterfaceOrientationLandscapeLeft UIInterfaceOrientationLandscapeRight";
				LD_RUNPATH_SEARCH_PATHS = (
					"$(inherited)",
					"@executable_path/Frameworks",
				);
				MARKETING_VERSION = 1.0;
				PRODUCT_BUNDLE_IDENTIFIER = clc.BasicFirebaseAppStajila;
				PRODUCT_NAME = "$(TARGET_NAME)";
				SWIFT_EMIT_LOC_STRINGS = YES;
				SWIFT_VERSION = 5.0;
				TARGETED_DEVICE_FAMILY = "1,2";
			};
			name = Debug;
		};
		14D1D0842B7FB13C00669310 /* Release */ = {
			isa = XCBuildConfiguration;
			buildSettings = {
				ASSETCATALOG_COMPILER_APPICON_NAME = AppIcon;
				ASSETCATALOG_COMPILER_GLOBAL_ACCENT_COLOR_NAME = AccentColor;
				CODE_SIGN_STYLE = Automatic;
				CURRENT_PROJECT_VERSION = 1;
				DEVELOPMENT_TEAM = SZURQ69PCN;
				GENERATE_INFOPLIST_FILE = YES;
				INFOPLIST_FILE = BasicFirebaseAppStajila/Info.plist;
				INFOPLIST_KEY_UIApplicationSupportsIndirectInputEvents = YES;
				INFOPLIST_KEY_UILaunchStoryboardName = LaunchScreen;
				INFOPLIST_KEY_UIMainStoryboardFile = Main;
				INFOPLIST_KEY_UISupportedInterfaceOrientations_iPad = "UIInterfaceOrientationPortrait UIInterfaceOrientationPortraitUpsideDown UIInterfaceOrientationLandscapeLeft UIInterfaceOrientationLandscapeRight";
				INFOPLIST_KEY_UISupportedInterfaceOrientations_iPhone = "UIInterfaceOrientationPortrait UIInterfaceOrientationLandscapeLeft UIInterfaceOrientationLandscapeRight";
				LD_RUNPATH_SEARCH_PATHS = (
					"$(inherited)",
					"@executable_path/Frameworks",
				);
				MARKETING_VERSION = 1.0;
				PRODUCT_BUNDLE_IDENTIFIER = clc.BasicFirebaseAppStajila;
				PRODUCT_NAME = "$(TARGET_NAME)";
				SWIFT_EMIT_LOC_STRINGS = YES;
				SWIFT_VERSION = 5.0;
				TARGETED_DEVICE_FAMILY = "1,2";
			};
			name = Release;
		};
		14D1D0862B7FB13C00669310 /* Debug */ = {
			isa = XCBuildConfiguration;
			buildSettings = {
				ALWAYS_EMBED_SWIFT_STANDARD_LIBRARIES = YES;
				BUNDLE_LOADER = "$(TEST_HOST)";
				CODE_SIGN_STYLE = Automatic;
				CURRENT_PROJECT_VERSION = 1;
				DEVELOPMENT_TEAM = SZURQ69PCN;
				GENERATE_INFOPLIST_FILE = YES;
				IPHONEOS_DEPLOYMENT_TARGET = 17.2;
				MARKETING_VERSION = 1.0;
				PRODUCT_BUNDLE_IDENTIFIER = clc.BasicFirebaseAppStajilaTests;
				PRODUCT_NAME = "$(TARGET_NAME)";
				SWIFT_EMIT_LOC_STRINGS = NO;
				SWIFT_VERSION = 5.0;
				TARGETED_DEVICE_FAMILY = "1,2";
				TEST_HOST = "$(BUILT_PRODUCTS_DIR)/BasicFirebaseAppStajila.app/$(BUNDLE_EXECUTABLE_FOLDER_PATH)/BasicFirebaseAppStajila";
			};
			name = Debug;
		};
		14D1D0872B7FB13C00669310 /* Release */ = {
			isa = XCBuildConfiguration;
			buildSettings = {
				ALWAYS_EMBED_SWIFT_STANDARD_LIBRARIES = YES;
				BUNDLE_LOADER = "$(TEST_HOST)";
				CODE_SIGN_STYLE = Automatic;
				CURRENT_PROJECT_VERSION = 1;
				DEVELOPMENT_TEAM = SZURQ69PCN;
				GENERATE_INFOPLIST_FILE = YES;
				IPHONEOS_DEPLOYMENT_TARGET = 17.2;
				MARKETING_VERSION = 1.0;
				PRODUCT_BUNDLE_IDENTIFIER = clc.BasicFirebaseAppStajilaTests;
				PRODUCT_NAME = "$(TARGET_NAME)";
				SWIFT_EMIT_LOC_STRINGS = NO;
				SWIFT_VERSION = 5.0;
				TARGETED_DEVICE_FAMILY = "1,2";
				TEST_HOST = "$(BUILT_PRODUCTS_DIR)/BasicFirebaseAppStajila.app/$(BUNDLE_EXECUTABLE_FOLDER_PATH)/BasicFirebaseAppStajila";
			};
			name = Release;
		};
		14D1D0892B7FB13C00669310 /* Debug */ = {
			isa = XCBuildConfiguration;
			buildSettings = {
				ALWAYS_EMBED_SWIFT_STANDARD_LIBRARIES = YES;
				CODE_SIGN_STYLE = Automatic;
				CURRENT_PROJECT_VERSION = 1;
				DEVELOPMENT_TEAM = SZURQ69PCN;
				GENERATE_INFOPLIST_FILE = YES;
				MARKETING_VERSION = 1.0;
				PRODUCT_BUNDLE_IDENTIFIER = clc.BasicFirebaseAppStajilaUITests;
				PRODUCT_NAME = "$(TARGET_NAME)";
				SWIFT_EMIT_LOC_STRINGS = NO;
				SWIFT_VERSION = 5.0;
				TARGETED_DEVICE_FAMILY = "1,2";
				TEST_TARGET_NAME = BasicFirebaseAppStajila;
			};
			name = Debug;
		};
		14D1D08A2B7FB13C00669310 /* Release */ = {
			isa = XCBuildConfiguration;
			buildSettings = {
				ALWAYS_EMBED_SWIFT_STANDARD_LIBRARIES = YES;
				CODE_SIGN_STYLE = Automatic;
				CURRENT_PROJECT_VERSION = 1;
				DEVELOPMENT_TEAM = SZURQ69PCN;
				GENERATE_INFOPLIST_FILE = YES;
				MARKETING_VERSION = 1.0;
				PRODUCT_BUNDLE_IDENTIFIER = clc.BasicFirebaseAppStajilaUITests;
				PRODUCT_NAME = "$(TARGET_NAME)";
				SWIFT_EMIT_LOC_STRINGS = NO;
				SWIFT_VERSION = 5.0;
				TARGETED_DEVICE_FAMILY = "1,2";
				TEST_TARGET_NAME = BasicFirebaseAppStajila;
			};
			name = Release;
		};
/* End XCBuildConfiguration section */

/* Begin XCConfigurationList section */
		14D1D0532B7FB13A00669310 /* Build configuration list for PBXProject "BasicFirebaseAppStajila" */ = {
			isa = XCConfigurationList;
			buildConfigurations = (
				14D1D0802B7FB13C00669310 /* Debug */,
				14D1D0812B7FB13C00669310 /* Release */,
			);
			defaultConfigurationIsVisible = 0;
			defaultConfigurationName = Release;
		};
		14D1D0822B7FB13C00669310 /* Build configuration list for PBXNativeTarget "BasicFirebaseAppStajila" */ = {
			isa = XCConfigurationList;
			buildConfigurations = (
				14D1D0832B7FB13C00669310 /* Debug */,
				14D1D0842B7FB13C00669310 /* Release */,
			);
			defaultConfigurationIsVisible = 0;
			defaultConfigurationName = Release;
		};
		14D1D0852B7FB13C00669310 /* Build configuration list for PBXNativeTarget "BasicFirebaseAppStajilaTests" */ = {
			isa = XCConfigurationList;
			buildConfigurations = (
				14D1D0862B7FB13C00669310 /* Debug */,
				14D1D0872B7FB13C00669310 /* Release */,
			);
			defaultConfigurationIsVisible = 0;
			defaultConfigurationName = Release;
		};
		14D1D0882B7FB13C00669310 /* Build configuration list for PBXNativeTarget "BasicFirebaseAppStajilaUITests" */ = {
			isa = XCConfigurationList;
			buildConfigurations = (
				14D1D0892B7FB13C00669310 /* Debug */,
				14D1D08A2B7FB13C00669310 /* Release */,
			);
			defaultConfigurationIsVisible = 0;
			defaultConfigurationName = Release;
		};
/* End XCConfigurationList section */

/* Begin XCRemoteSwiftPackageReference section */
		850A5FE12B806A3F00ACA0C3 /* XCRemoteSwiftPackageReference "firebase-ios-sdk" */ = {
			isa = XCRemoteSwiftPackageReference;
			repositoryURL = "https://github.com/firebase/firebase-ios-sdk";
			requirement = {
				kind = upToNextMajorVersion;
				minimumVersion = 10.21.0;
			};
		};
/* End XCRemoteSwiftPackageReference section */

/* Begin XCSwiftPackageProductDependency section */
		850A5FE22B806A3F00ACA0C3 /* FirebaseAuth */ = {
			isa = XCSwiftPackageProductDependency;
			package = 850A5FE12B806A3F00ACA0C3 /* XCRemoteSwiftPackageReference "firebase-ios-sdk" */;
			productName = FirebaseAuth;
		};
		850A5FE42B806A3F00ACA0C3 /* FirebaseDatabase */ = {
			isa = XCSwiftPackageProductDependency;
			package = 850A5FE12B806A3F00ACA0C3 /* XCRemoteSwiftPackageReference "firebase-ios-sdk" */;
			productName = FirebaseDatabase;
		};
		850A5FE62B806A3F00ACA0C3 /* FirebaseDatabaseSwift */ = {
			isa = XCSwiftPackageProductDependency;
			package = 850A5FE12B806A3F00ACA0C3 /* XCRemoteSwiftPackageReference "firebase-ios-sdk" */;
			productName = FirebaseDatabaseSwift;
		};
		850A5FE82B806A3F00ACA0C3 /* FirebaseFirestore */ = {
			isa = XCSwiftPackageProductDependency;
			package = 850A5FE12B806A3F00ACA0C3 /* XCRemoteSwiftPackageReference "firebase-ios-sdk" */;
			productName = FirebaseFirestore;
		};
/* End XCSwiftPackageProductDependency section */
	};
	rootObject = 14D1D0502B7FB13A00669310 /* Project object */;
}
